
Microsoft Visual Studio Solution File, Format Version 12.00
# Visual Studio 15
VisualStudioVersion = 15.0.27004.2006
MinimumVisualStudioVersion = 10.0.40219.1
Project("{FAE04EC0-301F-11D3-BF4B-00C04F79EFBC}") = "Banhang.Domain", "Banhang.Domain\Banhang.Domain.csproj", "{39AC0A6A-A4E5-4D01-971F-178F2F3C4B97}"
EndProject
Project("{2150E333-8FDC-42A3-9474-1A3956D46DE8}") = "01. Library", "01. Library", "{4F6CC27A-201D-4191-921A-1DBEA85A0C53}"
EndProject
Project("{2150E333-8FDC-42A3-9474-1A3956D46DE8}") = "02. Domain", "02. Domain", "{24D968B4-73D9-47D1-903D-FBFCE4D9E504}"
EndProject
Project("{2150E333-8FDC-42A3-9474-1A3956D46DE8}") = "03. Data Access Layer", "03. Data Access Layer", "{F9506A12-A305-47B4-B528-A70EE7619799}"
EndProject
Project("{2150E333-8FDC-42A3-9474-1A3956D46DE8}") = "04. Business Layer", "04. Business Layer", "{81D3BDC9-3621-4BFF-86B0-DB5E981A65FE}"
EndProject
Project("{2150E333-8FDC-42A3-9474-1A3956D46DE8}") = "05. Presentation Layer", "05. Presentation Layer", "{43ACFF3E-B93A-40B0-B7D8-9B97C0CDE11D}"
EndProject
Project("{FAE04EC0-301F-11D3-BF4B-00C04F79EFBC}") = "Banhang.Repository", "Banhang.Repository\Banhang.Repository.csproj", "{2DF80D9B-DFF4-41C7-BF81-73AB5DCE931D}"
EndProject
Project("{FAE04EC0-301F-11D3-BF4B-00C04F79EFBC}") = "Banhang.Business", "Banhang.Business\Banhang.Business.csproj", "{724D656D-1478-4647-9815-CF675F5D1684}"
EndProject
Project("{FAE04EC0-301F-11D3-BF4B-00C04F79EFBC}") = "Banhang.Forms", "Banhang.Forms\Banhang.Forms.csproj", "{5AC2692B-8DC9-4A09-87B8-BFA26A7C3B79}"
EndProject
Project("{FAE04EC0-301F-11D3-BF4B-00C04F79EFBC}") = "Banhang.MainApp", "Banhang.MainApp\Banhang.MainApp.csproj", "{C5C2EC2B-E436-4E7A-8282-0CABFB54A0C4}"
EndProject
Project("{FAE04EC0-301F-11D3-BF4B-00C04F79EFBC}") = "Banhang.Library", "Banhang.Library\Banhang.Library.csproj", "{C0E45B02-DA79-4EF9-BEBE-04455DFA40A4}"
EndProject
Project("{FAE04EC0-301F-11D3-BF4B-00C04F79EFBC}") = "Banhang.Repository.HanghoaHandler", "Banhang.Repository.HanghoaHandler\Banhang.Repository.HanghoaHandler.csproj", "{8AABB6CC-4E1A-48B1-827D-524BF87BA079}"
EndProject
Project("{FAE04EC0-301F-11D3-BF4B-00C04F79EFBC}") = "Banhang.Domain.HanghoaHandler", "Banhang.Domain.HanghoaHandler\Banhang.Domain.HanghoaHandler.csproj", "{0E994041-F0E7-4E9D-8ABF-EEF927169588}"
EndProject
Project("{FAE04EC0-301F-11D3-BF4B-00C04F79EFBC}") = "Banhang.Web", "Banhang.Web\Banhang.Web.csproj", "{BB17D252-3C55-4833-99CF-929D7B6AB14E}"
EndProject
Project("{FAE04EC0-301F-11D3-BF4B-00C04F79EFBC}") = "Banhang.Domain.Common", "Banhang.Domain.Common\Banhang.Domain.Common.csproj", "{77830DC8-B4AC-4800-B832-B84997273EBC}"
EndProject
Project("{FAE04EC0-301F-11D3-BF4B-00C04F79EFBC}") = "Sinhvien.ConsoleApp", "Sinhvien.ConsoleApp\Sinhvien.ConsoleApp.csproj", "{EDE7E885-E2E8-477D-B44D-4278F4FCFD03}"
EndProject
Project("{FAE04EC0-301F-11D3-BF4B-00C04F79EFBC}") = "Sinhvien.WinApp", "Sinhvien.WinApp\Sinhvien.WinApp.csproj", "{7AD96DDB-7090-4BEF-A268-7EC273C195A7}"
EndProject
Project("{FAE04EC0-301F-11D3-BF4B-00C04F79EFBC}") = "Banhang.MainDev", "Banhang.MainDev\Banhang.MainDev.csproj", "{0EB4EBF3-42FF-459B-99C6-2FD06F935DEB}"
EndProject
Project("{FAE04EC0-301F-11D3-BF4B-00C04F79EFBC}") = "Banhang.MainDevPro", "Banhang.MainDevPro\Banhang.MainDevPro.csproj", "{2529194D-3C8F-4665-98CD-70004D72F9B3}"
EndProject
Project("{2150E333-8FDC-42A3-9474-1A3956D46DE8}") = "Vidu", "Vidu", "{9A2D954E-477F-43B6-A1EB-7B2F34DA4263}"
EndProject
Project("{FAE04EC0-301F-11D3-BF4B-00C04F79EFBC}") = "vidu01", "vidu01\vidu01.csproj", "{E248A507-12E4-417F-9DA6-D5B511807BFF}"
EndProject
Project("{FAE04EC0-301F-11D3-BF4B-00C04F79EFBC}") = "vidu01Lib", "vidu01Lib\vidu01Lib.csproj", "{57C081D4-5ECE-4347-9D4A-2F650EF190EB}"
EndProject
Project("{FAE04EC0-301F-11D3-BF4B-00C04F79EFBC}") = "vidu02", "vidu02\vidu02.csproj", "{242392D8-B09E-4FE6-A9C8-66C190A092E5}"
EndProject
Project("{2150E333-8FDC-42A3-9474-1A3956D46DE8}") = "06.BaoCao", "06.BaoCao", "{30899E1C-2632-4E6E-916C-977F8EC706B8}"
EndProject
Project("{FAE04EC0-301F-11D3-BF4B-00C04F79EFBC}") = "NhanVien.Domain", "NhanVien.Libary\NhanVien.Domain.csproj", "{8E1283E9-1490-446E-8972-FEE6CB9995F8}"
EndProject
Project("{FAE04EC0-301F-11D3-BF4B-00C04F79EFBC}") = "KhachHang.Domain", "KhachHang.Library\KhachHang.Domain.csproj", "{441BB1CA-F4A7-47E9-97DD-1752987F4B5D}"
EndProject
Project("{FAE04EC0-301F-11D3-BF4B-00C04F79EFBC}") = "NhaCungCap.Domain", "NhaCungCap.Library\NhaCungCap.Domain.csproj", "{CAD2190B-A158-4BA8-B16D-B6F43A8CF1C1}"
EndProject
Project("{FAE04EC0-301F-11D3-BF4B-00C04F79EFBC}") = "mainForm", "mainForm\mainForm.csproj", "{1CF2E0CD-271D-47B2-81F9-E7D6510306BB}"
EndProject
Project("{FAE04EC0-301F-11D3-BF4B-00C04F79EFBC}") = "NhanVienForm", "NhanVienForm\NhanVienForm.csproj", "{70055F84-A4E6-458D-8038-309C35DEDA1E}"
EndProject
Project("{FAE04EC0-301F-11D3-BF4B-00C04F79EFBC}") = "NhaCungCapForm", "NhaCungCapForm\NhaCungCapForm.csproj", "{391D1E0A-CCEC-48C7-A8BD-C0849E5257E7}"
EndProject
Project("{FAE04EC0-301F-11D3-BF4B-00C04F79EFBC}") = "HangHoa.Domain", "HangHoa.Library\HangHoa.Domain.csproj", "{1057AE9B-9366-4B29-8933-5734C63F5D0D}"
EndProject
Project("{FAE04EC0-301F-11D3-BF4B-00C04F79EFBC}") = "HangHoaForm", "HangHoaForm\HangHoaForm.csproj", "{C17C8125-0FED-44DF-9092-710B8FD67C28}"
EndProject
Project("{FAE04EC0-301F-11D3-BF4B-00C04F79EFBC}") = "PhieuBanHangForm", "PhieuBanHangForm\PhieuBanHangForm.csproj", "{0F6C5974-45DD-4456-B84D-941517E97341}"
EndProject
Project("{FAE04EC0-301F-11D3-BF4B-00C04F79EFBC}") = "PhieuBanHang.Domain", "PhieuBanHang.Library\PhieuBanHang.Domain.csproj", "{0C404F65-F6EC-4710-8987-0BE0ECBEC4DB}"
EndProject
Project("{FAE04EC0-301F-11D3-BF4B-00C04F79EFBC}") = "PhieuMuaHang.Domain", "PhieuMuaHang.Library\PhieuMuaHang.Domain.csproj", "{262E9B2B-C9A5-4548-BA22-106EA195CBC6}"
EndProject
Project("{FAE04EC0-301F-11D3-BF4B-00C04F79EFBC}") = "PhieuMuaHangForm", "PhieuMuaHangForm\PhieuMuaHangForm.csproj", "{7ECAD946-579A-43FC-BFFF-FCC3F69444D7}"
EndProject
Project("{FAE04EC0-301F-11D3-BF4B-00C04F79EFBC}") = "ThuChi.Domain", "ThuChi.Library\ThuChi.Domain.csproj", "{328E8840-693B-4ADF-A3E7-A961ECAC6BF5}"
EndProject
Project("{FAE04EC0-301F-11D3-BF4B-00C04F79EFBC}") = "ThuChiForm", "ThuChiForm\ThuChiForm.csproj", "{24E655E3-B2A6-440F-9D6F-0339D32F417E}"
EndProject
Project("{2150E333-8FDC-42A3-9474-1A3956D46DE8}") = "03.Data Access Layer", "03.Data Access Layer", "{8CE8801E-F50C-4D4E-8276-2F178BDE6394}"
EndProject
Project("{FAE04EC0-301F-11D3-BF4B-00C04F79EFBC}") = "HangHoa.Repository", "BaoCao.Repository\HangHoa.Repository.csproj", "{1D212168-D100-46E0-AEC5-4E98CDA74859}"
EndProject
Project("{2150E333-8FDC-42A3-9474-1A3956D46DE8}") = "01.Library", "01.Library", "{74B678C8-4141-4A77-A9DC-5700DA0ADB54}"
EndProject
Project("{2150E333-8FDC-42A3-9474-1A3956D46DE8}") = "02.Domain", "02.Domain", "{6C06C1E1-175F-47A4-9A05-12B89F3AD236}"
EndProject
Project("{2150E333-8FDC-42A3-9474-1A3956D46DE8}") = "05.Presentation Layer", "05.Presentation Layer", "{4D4C396F-0FEF-40C8-AB65-20B5733E2BA5}"
EndProject
Project("{FAE04EC0-301F-11D3-BF4B-00C04F79EFBC}") = "BaoCao.Library", "BaoCao.Library\BaoCao.Library.csproj", "{5390FB3E-D6F2-4742-AA52-27A65FE71210}"
EndProject
Project("{FAE04EC0-301F-11D3-BF4B-00C04F79EFBC}") = "NhanVien.Repository", "NhanVien.Repository\NhanVien.Repository.csproj", "{B51F2B1A-BFD2-411C-97DE-66C46C96131F}"
EndProject
Project("{FAE04EC0-301F-11D3-BF4B-00C04F79EFBC}") = "PhieuBanHang.Repository", "PhieuBanHang.Repository\PhieuBanHang.Repository.csproj", "{BEF7C846-3037-4331-B239-BA8B3F7450F0}"
EndProject
Project("{FAE04EC0-301F-11D3-BF4B-00C04F79EFBC}") = "PhieuMuaHang.Repository", "PhieuMuaHang.Repository\PhieuMuaHang.Repository.csproj", "{966A3F25-CBA1-4FF3-9B47-CD75FE320745}"
EndProject
Project("{FAE04EC0-301F-11D3-BF4B-00C04F79EFBC}") = "NhaCungCap.Repository", "NhaCungCap.Repository\NhaCungCap.Repository.csproj", "{2587CA3C-24AA-42F5-8F89-66E2E1C44F6E}"
EndProject
Project("{FAE04EC0-301F-11D3-BF4B-00C04F79EFBC}") = "ThuChi.Repository", "ThuChi.Repository\ThuChi.Repository.csproj", "{B895FDC3-6B8B-48E4-9173-D59FC74085C9}"
EndProject
Project("{FAE04EC0-301F-11D3-BF4B-00C04F79EFBC}") = "KhachHangForm", "KhachHangForm\KhachHangForm.csproj", "{88EAC526-B8B4-4F42-B6B5-9DFC1B68C6D6}"
EndProject
Project("{FAE04EC0-301F-11D3-BF4B-00C04F79EFBC}") = "KhachHang.Repository", "KhachHang.Repository\KhachHang.Repository.csproj", "{54EC22A9-E6A9-4D4E-A6F3-63A9A6506432}"
EndProject
Global
	GlobalSection(SolutionConfigurationPlatforms) = preSolution
		Debug|Any CPU = Debug|Any CPU
		Release|Any CPU = Release|Any CPU
	EndGlobalSection
	GlobalSection(ProjectConfigurationPlatforms) = postSolution
		{39AC0A6A-A4E5-4D01-971F-178F2F3C4B97}.Debug|Any CPU.ActiveCfg = Debug|Any CPU
		{39AC0A6A-A4E5-4D01-971F-178F2F3C4B97}.Debug|Any CPU.Build.0 = Debug|Any CPU
		{39AC0A6A-A4E5-4D01-971F-178F2F3C4B97}.Release|Any CPU.ActiveCfg = Release|Any CPU
		{39AC0A6A-A4E5-4D01-971F-178F2F3C4B97}.Release|Any CPU.Build.0 = Release|Any CPU
		{2DF80D9B-DFF4-41C7-BF81-73AB5DCE931D}.Debug|Any CPU.ActiveCfg = Debug|Any CPU
		{2DF80D9B-DFF4-41C7-BF81-73AB5DCE931D}.Debug|Any CPU.Build.0 = Debug|Any CPU
		{2DF80D9B-DFF4-41C7-BF81-73AB5DCE931D}.Release|Any CPU.ActiveCfg = Release|Any CPU
		{2DF80D9B-DFF4-41C7-BF81-73AB5DCE931D}.Release|Any CPU.Build.0 = Release|Any CPU
		{724D656D-1478-4647-9815-CF675F5D1684}.Debug|Any CPU.ActiveCfg = Debug|Any CPU
		{724D656D-1478-4647-9815-CF675F5D1684}.Debug|Any CPU.Build.0 = Debug|Any CPU
		{724D656D-1478-4647-9815-CF675F5D1684}.Release|Any CPU.ActiveCfg = Release|Any CPU
		{724D656D-1478-4647-9815-CF675F5D1684}.Release|Any CPU.Build.0 = Release|Any CPU
		{5AC2692B-8DC9-4A09-87B8-BFA26A7C3B79}.Debug|Any CPU.ActiveCfg = Debug|Any CPU
		{5AC2692B-8DC9-4A09-87B8-BFA26A7C3B79}.Debug|Any CPU.Build.0 = Debug|Any CPU
		{5AC2692B-8DC9-4A09-87B8-BFA26A7C3B79}.Release|Any CPU.ActiveCfg = Release|Any CPU
		{5AC2692B-8DC9-4A09-87B8-BFA26A7C3B79}.Release|Any CPU.Build.0 = Release|Any CPU
		{C5C2EC2B-E436-4E7A-8282-0CABFB54A0C4}.Debug|Any CPU.ActiveCfg = Debug|Any CPU
		{C5C2EC2B-E436-4E7A-8282-0CABFB54A0C4}.Debug|Any CPU.Build.0 = Debug|Any CPU
		{C5C2EC2B-E436-4E7A-8282-0CABFB54A0C4}.Release|Any CPU.ActiveCfg = Release|Any CPU
		{C5C2EC2B-E436-4E7A-8282-0CABFB54A0C4}.Release|Any CPU.Build.0 = Release|Any CPU
		{C0E45B02-DA79-4EF9-BEBE-04455DFA40A4}.Debug|Any CPU.ActiveCfg = Debug|Any CPU
		{C0E45B02-DA79-4EF9-BEBE-04455DFA40A4}.Debug|Any CPU.Build.0 = Debug|Any CPU
		{C0E45B02-DA79-4EF9-BEBE-04455DFA40A4}.Release|Any CPU.ActiveCfg = Release|Any CPU
		{C0E45B02-DA79-4EF9-BEBE-04455DFA40A4}.Release|Any CPU.Build.0 = Release|Any CPU
		{8AABB6CC-4E1A-48B1-827D-524BF87BA079}.Debug|Any CPU.ActiveCfg = Debug|Any CPU
		{8AABB6CC-4E1A-48B1-827D-524BF87BA079}.Debug|Any CPU.Build.0 = Debug|Any CPU
		{8AABB6CC-4E1A-48B1-827D-524BF87BA079}.Release|Any CPU.ActiveCfg = Release|Any CPU
		{8AABB6CC-4E1A-48B1-827D-524BF87BA079}.Release|Any CPU.Build.0 = Release|Any CPU
		{0E994041-F0E7-4E9D-8ABF-EEF927169588}.Debug|Any CPU.ActiveCfg = Debug|Any CPU
		{0E994041-F0E7-4E9D-8ABF-EEF927169588}.Debug|Any CPU.Build.0 = Debug|Any CPU
		{0E994041-F0E7-4E9D-8ABF-EEF927169588}.Release|Any CPU.ActiveCfg = Release|Any CPU
		{0E994041-F0E7-4E9D-8ABF-EEF927169588}.Release|Any CPU.Build.0 = Release|Any CPU
		{BB17D252-3C55-4833-99CF-929D7B6AB14E}.Debug|Any CPU.ActiveCfg = Debug|Any CPU
		{BB17D252-3C55-4833-99CF-929D7B6AB14E}.Debug|Any CPU.Build.0 = Debug|Any CPU
		{BB17D252-3C55-4833-99CF-929D7B6AB14E}.Release|Any CPU.ActiveCfg = Release|Any CPU
		{BB17D252-3C55-4833-99CF-929D7B6AB14E}.Release|Any CPU.Build.0 = Release|Any CPU
		{77830DC8-B4AC-4800-B832-B84997273EBC}.Debug|Any CPU.ActiveCfg = Debug|Any CPU
		{77830DC8-B4AC-4800-B832-B84997273EBC}.Debug|Any CPU.Build.0 = Debug|Any CPU
		{77830DC8-B4AC-4800-B832-B84997273EBC}.Release|Any CPU.ActiveCfg = Release|Any CPU
		{77830DC8-B4AC-4800-B832-B84997273EBC}.Release|Any CPU.Build.0 = Release|Any CPU
		{EDE7E885-E2E8-477D-B44D-4278F4FCFD03}.Debug|Any CPU.ActiveCfg = Debug|Any CPU
		{EDE7E885-E2E8-477D-B44D-4278F4FCFD03}.Debug|Any CPU.Build.0 = Debug|Any CPU
		{EDE7E885-E2E8-477D-B44D-4278F4FCFD03}.Release|Any CPU.ActiveCfg = Release|Any CPU
		{EDE7E885-E2E8-477D-B44D-4278F4FCFD03}.Release|Any CPU.Build.0 = Release|Any CPU
		{7AD96DDB-7090-4BEF-A268-7EC273C195A7}.Debug|Any CPU.ActiveCfg = Debug|Any CPU
		{7AD96DDB-7090-4BEF-A268-7EC273C195A7}.Debug|Any CPU.Build.0 = Debug|Any CPU
		{7AD96DDB-7090-4BEF-A268-7EC273C195A7}.Release|Any CPU.ActiveCfg = Release|Any CPU
		{7AD96DDB-7090-4BEF-A268-7EC273C195A7}.Release|Any CPU.Build.0 = Release|Any CPU
		{0EB4EBF3-42FF-459B-99C6-2FD06F935DEB}.Debug|Any CPU.ActiveCfg = Debug|Any CPU
		{0EB4EBF3-42FF-459B-99C6-2FD06F935DEB}.Debug|Any CPU.Build.0 = Debug|Any CPU
		{0EB4EBF3-42FF-459B-99C6-2FD06F935DEB}.Release|Any CPU.ActiveCfg = Release|Any CPU
		{0EB4EBF3-42FF-459B-99C6-2FD06F935DEB}.Release|Any CPU.Build.0 = Release|Any CPU
		{2529194D-3C8F-4665-98CD-70004D72F9B3}.Debug|Any CPU.ActiveCfg = Debug|Any CPU
		{2529194D-3C8F-4665-98CD-70004D72F9B3}.Debug|Any CPU.Build.0 = Debug|Any CPU
		{2529194D-3C8F-4665-98CD-70004D72F9B3}.Release|Any CPU.ActiveCfg = Release|Any CPU
		{2529194D-3C8F-4665-98CD-70004D72F9B3}.Release|Any CPU.Build.0 = Release|Any CPU
		{E248A507-12E4-417F-9DA6-D5B511807BFF}.Debug|Any CPU.ActiveCfg = Debug|Any CPU
		{E248A507-12E4-417F-9DA6-D5B511807BFF}.Debug|Any CPU.Build.0 = Debug|Any CPU
		{E248A507-12E4-417F-9DA6-D5B511807BFF}.Release|Any CPU.ActiveCfg = Release|Any CPU
		{E248A507-12E4-417F-9DA6-D5B511807BFF}.Release|Any CPU.Build.0 = Release|Any CPU
		{57C081D4-5ECE-4347-9D4A-2F650EF190EB}.Debug|Any CPU.ActiveCfg = Debug|Any CPU
		{57C081D4-5ECE-4347-9D4A-2F650EF190EB}.Debug|Any CPU.Build.0 = Debug|Any CPU
		{57C081D4-5ECE-4347-9D4A-2F650EF190EB}.Release|Any CPU.ActiveCfg = Release|Any CPU
		{57C081D4-5ECE-4347-9D4A-2F650EF190EB}.Release|Any CPU.Build.0 = Release|Any CPU
		{242392D8-B09E-4FE6-A9C8-66C190A092E5}.Debug|Any CPU.ActiveCfg = Debug|Any CPU
		{242392D8-B09E-4FE6-A9C8-66C190A092E5}.Debug|Any CPU.Build.0 = Debug|Any CPU
		{242392D8-B09E-4FE6-A9C8-66C190A092E5}.Release|Any CPU.ActiveCfg = Release|Any CPU
		{242392D8-B09E-4FE6-A9C8-66C190A092E5}.Release|Any CPU.Build.0 = Release|Any CPU
		{8E1283E9-1490-446E-8972-FEE6CB9995F8}.Debug|Any CPU.ActiveCfg = Debug|Any CPU
		{8E1283E9-1490-446E-8972-FEE6CB9995F8}.Debug|Any CPU.Build.0 = Debug|Any CPU
		{8E1283E9-1490-446E-8972-FEE6CB9995F8}.Release|Any CPU.ActiveCfg = Release|Any CPU
		{8E1283E9-1490-446E-8972-FEE6CB9995F8}.Release|Any CPU.Build.0 = Release|Any CPU
		{441BB1CA-F4A7-47E9-97DD-1752987F4B5D}.Debug|Any CPU.ActiveCfg = Debug|Any CPU
		{441BB1CA-F4A7-47E9-97DD-1752987F4B5D}.Debug|Any CPU.Build.0 = Debug|Any CPU
		{441BB1CA-F4A7-47E9-97DD-1752987F4B5D}.Release|Any CPU.ActiveCfg = Release|Any CPU
		{441BB1CA-F4A7-47E9-97DD-1752987F4B5D}.Release|Any CPU.Build.0 = Release|Any CPU
		{CAD2190B-A158-4BA8-B16D-B6F43A8CF1C1}.Debug|Any CPU.ActiveCfg = Debug|Any CPU
		{CAD2190B-A158-4BA8-B16D-B6F43A8CF1C1}.Debug|Any CPU.Build.0 = Debug|Any CPU
		{CAD2190B-A158-4BA8-B16D-B6F43A8CF1C1}.Release|Any CPU.ActiveCfg = Release|Any CPU
		{CAD2190B-A158-4BA8-B16D-B6F43A8CF1C1}.Release|Any CPU.Build.0 = Release|Any CPU
		{1CF2E0CD-271D-47B2-81F9-E7D6510306BB}.Debug|Any CPU.ActiveCfg = Debug|Any CPU
		{1CF2E0CD-271D-47B2-81F9-E7D6510306BB}.Debug|Any CPU.Build.0 = Debug|Any CPU
		{1CF2E0CD-271D-47B2-81F9-E7D6510306BB}.Release|Any CPU.ActiveCfg = Release|Any CPU
		{1CF2E0CD-271D-47B2-81F9-E7D6510306BB}.Release|Any CPU.Build.0 = Release|Any CPU
		{70055F84-A4E6-458D-8038-309C35DEDA1E}.Debug|Any CPU.ActiveCfg = Debug|Any CPU
		{70055F84-A4E6-458D-8038-309C35DEDA1E}.Debug|Any CPU.Build.0 = Debug|Any CPU
		{70055F84-A4E6-458D-8038-309C35DEDA1E}.Release|Any CPU.ActiveCfg = Release|Any CPU
		{70055F84-A4E6-458D-8038-309C35DEDA1E}.Release|Any CPU.Build.0 = Release|Any CPU
		{391D1E0A-CCEC-48C7-A8BD-C0849E5257E7}.Debug|Any CPU.ActiveCfg = Debug|Any CPU
		{391D1E0A-CCEC-48C7-A8BD-C0849E5257E7}.Debug|Any CPU.Build.0 = Debug|Any CPU
		{391D1E0A-CCEC-48C7-A8BD-C0849E5257E7}.Release|Any CPU.ActiveCfg = Release|Any CPU
		{391D1E0A-CCEC-48C7-A8BD-C0849E5257E7}.Release|Any CPU.Build.0 = Release|Any CPU
		{1057AE9B-9366-4B29-8933-5734C63F5D0D}.Debug|Any CPU.ActiveCfg = Debug|Any CPU
		{1057AE9B-9366-4B29-8933-5734C63F5D0D}.Debug|Any CPU.Build.0 = Debug|Any CPU
		{1057AE9B-9366-4B29-8933-5734C63F5D0D}.Release|Any CPU.ActiveCfg = Release|Any CPU
		{1057AE9B-9366-4B29-8933-5734C63F5D0D}.Release|Any CPU.Build.0 = Release|Any CPU
		{C17C8125-0FED-44DF-9092-710B8FD67C28}.Debug|Any CPU.ActiveCfg = Debug|Any CPU
		{C17C8125-0FED-44DF-9092-710B8FD67C28}.Debug|Any CPU.Build.0 = Debug|Any CPU
		{C17C8125-0FED-44DF-9092-710B8FD67C28}.Release|Any CPU.ActiveCfg = Release|Any CPU
		{C17C8125-0FED-44DF-9092-710B8FD67C28}.Release|Any CPU.Build.0 = Release|Any CPU
		{0F6C5974-45DD-4456-B84D-941517E97341}.Debug|Any CPU.ActiveCfg = Debug|Any CPU
		{0F6C5974-45DD-4456-B84D-941517E97341}.Debug|Any CPU.Build.0 = Debug|Any CPU
		{0F6C5974-45DD-4456-B84D-941517E97341}.Release|Any CPU.ActiveCfg = Release|Any CPU
		{0F6C5974-45DD-4456-B84D-941517E97341}.Release|Any CPU.Build.0 = Release|Any CPU
		{0C404F65-F6EC-4710-8987-0BE0ECBEC4DB}.Debug|Any CPU.ActiveCfg = Debug|Any CPU
		{0C404F65-F6EC-4710-8987-0BE0ECBEC4DB}.Debug|Any CPU.Build.0 = Debug|Any CPU
		{0C404F65-F6EC-4710-8987-0BE0ECBEC4DB}.Release|Any CPU.ActiveCfg = Release|Any CPU
		{0C404F65-F6EC-4710-8987-0BE0ECBEC4DB}.Release|Any CPU.Build.0 = Release|Any CPU
		{262E9B2B-C9A5-4548-BA22-106EA195CBC6}.Debug|Any CPU.ActiveCfg = Debug|Any CPU
		{262E9B2B-C9A5-4548-BA22-106EA195CBC6}.Debug|Any CPU.Build.0 = Debug|Any CPU
		{262E9B2B-C9A5-4548-BA22-106EA195CBC6}.Release|Any CPU.ActiveCfg = Release|Any CPU
		{262E9B2B-C9A5-4548-BA22-106EA195CBC6}.Release|Any CPU.Build.0 = Release|Any CPU
		{7ECAD946-579A-43FC-BFFF-FCC3F69444D7}.Debug|Any CPU.ActiveCfg = Debug|Any CPU
		{7ECAD946-579A-43FC-BFFF-FCC3F69444D7}.Debug|Any CPU.Build.0 = Debug|Any CPU
		{7ECAD946-579A-43FC-BFFF-FCC3F69444D7}.Release|Any CPU.ActiveCfg = Release|Any CPU
		{7ECAD946-579A-43FC-BFFF-FCC3F69444D7}.Release|Any CPU.Build.0 = Release|Any CPU
		{328E8840-693B-4ADF-A3E7-A961ECAC6BF5}.Debug|Any CPU.ActiveCfg = Debug|Any CPU
		{328E8840-693B-4ADF-A3E7-A961ECAC6BF5}.Debug|Any CPU.Build.0 = Debug|Any CPU
		{328E8840-693B-4ADF-A3E7-A961ECAC6BF5}.Release|Any CPU.ActiveCfg = Release|Any CPU
		{328E8840-693B-4ADF-A3E7-A961ECAC6BF5}.Release|Any CPU.Build.0 = Release|Any CPU
		{24E655E3-B2A6-440F-9D6F-0339D32F417E}.Debug|Any CPU.ActiveCfg = Debug|Any CPU
		{24E655E3-B2A6-440F-9D6F-0339D32F417E}.Debug|Any CPU.Build.0 = Debug|Any CPU
		{24E655E3-B2A6-440F-9D6F-0339D32F417E}.Release|Any CPU.ActiveCfg = Release|Any CPU
		{24E655E3-B2A6-440F-9D6F-0339D32F417E}.Release|Any CPU.Build.0 = Release|Any CPU
		{1D212168-D100-46E0-AEC5-4E98CDA74859}.Debug|Any CPU.ActiveCfg = Debug|Any CPU
		{1D212168-D100-46E0-AEC5-4E98CDA74859}.Debug|Any CPU.Build.0 = Debug|Any CPU
		{1D212168-D100-46E0-AEC5-4E98CDA74859}.Release|Any CPU.ActiveCfg = Release|Any CPU
		{1D212168-D100-46E0-AEC5-4E98CDA74859}.Release|Any CPU.Build.0 = Release|Any CPU
		{5390FB3E-D6F2-4742-AA52-27A65FE71210}.Debug|Any CPU.ActiveCfg = Debug|Any CPU
		{5390FB3E-D6F2-4742-AA52-27A65FE71210}.Debug|Any CPU.Build.0 = Debug|Any CPU
		{5390FB3E-D6F2-4742-AA52-27A65FE71210}.Release|Any CPU.ActiveCfg = Release|Any CPU
		{5390FB3E-D6F2-4742-AA52-27A65FE71210}.Release|Any CPU.Build.0 = Release|Any CPU
		{B51F2B1A-BFD2-411C-97DE-66C46C96131F}.Debug|Any CPU.ActiveCfg = Debug|Any CPU
		{B51F2B1A-BFD2-411C-97DE-66C46C96131F}.Debug|Any CPU.Build.0 = Debug|Any CPU
		{B51F2B1A-BFD2-411C-97DE-66C46C96131F}.Release|Any CPU.ActiveCfg = Release|Any CPU
		{B51F2B1A-BFD2-411C-97DE-66C46C96131F}.Release|Any CPU.Build.0 = Release|Any CPU
		{BEF7C846-3037-4331-B239-BA8B3F7450F0}.Debug|Any CPU.ActiveCfg = Debug|Any CPU
		{BEF7C846-3037-4331-B239-BA8B3F7450F0}.Debug|Any CPU.Build.0 = Debug|Any CPU
		{BEF7C846-3037-4331-B239-BA8B3F7450F0}.Release|Any CPU.ActiveCfg = Release|Any CPU
		{BEF7C846-3037-4331-B239-BA8B3F7450F0}.Release|Any CPU.Build.0 = Release|Any CPU
		{966A3F25-CBA1-4FF3-9B47-CD75FE320745}.Debug|Any CPU.ActiveCfg = Debug|Any CPU
		{966A3F25-CBA1-4FF3-9B47-CD75FE320745}.Debug|Any CPU.Build.0 = Debug|Any CPU
		{966A3F25-CBA1-4FF3-9B47-CD75FE320745}.Release|Any CPU.ActiveCfg = Release|Any CPU
		{966A3F25-CBA1-4FF3-9B47-CD75FE320745}.Release|Any CPU.Build.0 = Release|Any CPU
		{2587CA3C-24AA-42F5-8F89-66E2E1C44F6E}.Debug|Any CPU.ActiveCfg = Debug|Any CPU
		{2587CA3C-24AA-42F5-8F89-66E2E1C44F6E}.Debug|Any CPU.Build.0 = Debug|Any CPU
		{2587CA3C-24AA-42F5-8F89-66E2E1C44F6E}.Release|Any CPU.ActiveCfg = Release|Any CPU
		{2587CA3C-24AA-42F5-8F89-66E2E1C44F6E}.Release|Any CPU.Build.0 = Release|Any CPU
		{B895FDC3-6B8B-48E4-9173-D59FC74085C9}.Debug|Any CPU.ActiveCfg = Debug|Any CPU
		{B895FDC3-6B8B-48E4-9173-D59FC74085C9}.Debug|Any CPU.Build.0 = Debug|Any CPU
		{B895FDC3-6B8B-48E4-9173-D59FC74085C9}.Release|Any CPU.ActiveCfg = Release|Any CPU
		{B895FDC3-6B8B-48E4-9173-D59FC74085C9}.Release|Any CPU.Build.0 = Release|Any CPU
		{88EAC526-B8B4-4F42-B6B5-9DFC1B68C6D6}.Debug|Any CPU.ActiveCfg = Debug|Any CPU
		{88EAC526-B8B4-4F42-B6B5-9DFC1B68C6D6}.Debug|Any CPU.Build.0 = Debug|Any CPU
		{88EAC526-B8B4-4F42-B6B5-9DFC1B68C6D6}.Release|Any CPU.ActiveCfg = Release|Any CPU
		{88EAC526-B8B4-4F42-B6B5-9DFC1B68C6D6}.Release|Any CPU.Build.0 = Release|Any CPU
		{54EC22A9-E6A9-4D4E-A6F3-63A9A6506432}.Debug|Any CPU.ActiveCfg = Debug|Any CPU
		{54EC22A9-E6A9-4D4E-A6F3-63A9A6506432}.Debug|Any CPU.Build.0 = Debug|Any CPU
		{54EC22A9-E6A9-4D4E-A6F3-63A9A6506432}.Release|Any CPU.ActiveCfg = Release|Any CPU
		{54EC22A9-E6A9-4D4E-A6F3-63A9A6506432}.Release|Any CPU.Build.0 = Release|Any CPU
	EndGlobalSection
	GlobalSection(SolutionProperties) = preSolution
		HideSolutionNode = FALSE
	EndGlobalSection
	GlobalSection(NestedProjects) = preSolution
		{39AC0A6A-A4E5-4D01-971F-178F2F3C4B97} = {24D968B4-73D9-47D1-903D-FBFCE4D9E504}
		{2DF80D9B-DFF4-41C7-BF81-73AB5DCE931D} = {F9506A12-A305-47B4-B528-A70EE7619799}
		{724D656D-1478-4647-9815-CF675F5D1684} = {81D3BDC9-3621-4BFF-86B0-DB5E981A65FE}
		{5AC2692B-8DC9-4A09-87B8-BFA26A7C3B79} = {43ACFF3E-B93A-40B0-B7D8-9B97C0CDE11D}
		{C5C2EC2B-E436-4E7A-8282-0CABFB54A0C4} = {43ACFF3E-B93A-40B0-B7D8-9B97C0CDE11D}
		{C0E45B02-DA79-4EF9-BEBE-04455DFA40A4} = {4F6CC27A-201D-4191-921A-1DBEA85A0C53}
		{8AABB6CC-4E1A-48B1-827D-524BF87BA079} = {F9506A12-A305-47B4-B528-A70EE7619799}
		{0E994041-F0E7-4E9D-8ABF-EEF927169588} = {24D968B4-73D9-47D1-903D-FBFCE4D9E504}
		{BB17D252-3C55-4833-99CF-929D7B6AB14E} = {43ACFF3E-B93A-40B0-B7D8-9B97C0CDE11D}
		{77830DC8-B4AC-4800-B832-B84997273EBC} = {24D968B4-73D9-47D1-903D-FBFCE4D9E504}
		{EDE7E885-E2E8-477D-B44D-4278F4FCFD03} = {43ACFF3E-B93A-40B0-B7D8-9B97C0CDE11D}
		{7AD96DDB-7090-4BEF-A268-7EC273C195A7} = {43ACFF3E-B93A-40B0-B7D8-9B97C0CDE11D}
		{0EB4EBF3-42FF-459B-99C6-2FD06F935DEB} = {43ACFF3E-B93A-40B0-B7D8-9B97C0CDE11D}
		{2529194D-3C8F-4665-98CD-70004D72F9B3} = {43ACFF3E-B93A-40B0-B7D8-9B97C0CDE11D}
		{E248A507-12E4-417F-9DA6-D5B511807BFF} = {9A2D954E-477F-43B6-A1EB-7B2F34DA4263}
		{57C081D4-5ECE-4347-9D4A-2F650EF190EB} = {9A2D954E-477F-43B6-A1EB-7B2F34DA4263}
		{242392D8-B09E-4FE6-A9C8-66C190A092E5} = {9A2D954E-477F-43B6-A1EB-7B2F34DA4263}
		{8E1283E9-1490-446E-8972-FEE6CB9995F8} = {6C06C1E1-175F-47A4-9A05-12B89F3AD236}
		{441BB1CA-F4A7-47E9-97DD-1752987F4B5D} = {6C06C1E1-175F-47A4-9A05-12B89F3AD236}
		{CAD2190B-A158-4BA8-B16D-B6F43A8CF1C1} = {6C06C1E1-175F-47A4-9A05-12B89F3AD236}
		{1CF2E0CD-271D-47B2-81F9-E7D6510306BB} = {4D4C396F-0FEF-40C8-AB65-20B5733E2BA5}
		{70055F84-A4E6-458D-8038-309C35DEDA1E} = {4D4C396F-0FEF-40C8-AB65-20B5733E2BA5}
		{391D1E0A-CCEC-48C7-A8BD-C0849E5257E7} = {4D4C396F-0FEF-40C8-AB65-20B5733E2BA5}
		{1057AE9B-9366-4B29-8933-5734C63F5D0D} = {6C06C1E1-175F-47A4-9A05-12B89F3AD236}
		{C17C8125-0FED-44DF-9092-710B8FD67C28} = {4D4C396F-0FEF-40C8-AB65-20B5733E2BA5}
		{0F6C5974-45DD-4456-B84D-941517E97341} = {4D4C396F-0FEF-40C8-AB65-20B5733E2BA5}
		{0C404F65-F6EC-4710-8987-0BE0ECBEC4DB} = {6C06C1E1-175F-47A4-9A05-12B89F3AD236}
		{262E9B2B-C9A5-4548-BA22-106EA195CBC6} = {6C06C1E1-175F-47A4-9A05-12B89F3AD236}
		{7ECAD946-579A-43FC-BFFF-FCC3F69444D7} = {4D4C396F-0FEF-40C8-AB65-20B5733E2BA5}
		{328E8840-693B-4ADF-A3E7-A961ECAC6BF5} = {6C06C1E1-175F-47A4-9A05-12B89F3AD236}
		{24E655E3-B2A6-440F-9D6F-0339D32F417E} = {4D4C396F-0FEF-40C8-AB65-20B5733E2BA5}
		{8CE8801E-F50C-4D4E-8276-2F178BDE6394} = {30899E1C-2632-4E6E-916C-977F8EC706B8}
		{1D212168-D100-46E0-AEC5-4E98CDA74859} = {8CE8801E-F50C-4D4E-8276-2F178BDE6394}
		{74B678C8-4141-4A77-A9DC-5700DA0ADB54} = {30899E1C-2632-4E6E-916C-977F8EC706B8}
		{6C06C1E1-175F-47A4-9A05-12B89F3AD236} = {30899E1C-2632-4E6E-916C-977F8EC706B8}
		{4D4C396F-0FEF-40C8-AB65-20B5733E2BA5} = {30899E1C-2632-4E6E-916C-977F8EC706B8}
		{5390FB3E-D6F2-4742-AA52-27A65FE71210} = {74B678C8-4141-4A77-A9DC-5700DA0ADB54}
		{B51F2B1A-BFD2-411C-97DE-66C46C96131F} = {8CE8801E-F50C-4D4E-8276-2F178BDE6394}
		{BEF7C846-3037-4331-B239-BA8B3F7450F0} = {8CE8801E-F50C-4D4E-8276-2F178BDE6394}
		{966A3F25-CBA1-4FF3-9B47-CD75FE320745} = {8CE8801E-F50C-4D4E-8276-2F178BDE6394}
		{2587CA3C-24AA-42F5-8F89-66E2E1C44F6E} = {8CE8801E-F50C-4D4E-8276-2F178BDE6394}
		{B895FDC3-6B8B-48E4-9173-D59FC74085C9} = {8CE8801E-F50C-4D4E-8276-2F178BDE6394}
		{88EAC526-B8B4-4F42-B6B5-9DFC1B68C6D6} = {4D4C396F-0FEF-40C8-AB65-20B5733E2BA5}
		{54EC22A9-E6A9-4D4E-A6F3-63A9A6506432} = {8CE8801E-F50C-4D4E-8276-2F178BDE6394}
	EndGlobalSection
	GlobalSection(ExtensibilityGlobals) = postSolution
		SolutionGuid = {AB0D4EBB-3916-4DA9-968C-C90FD0EA8F18}
	EndGlobalSection
EndGlobal
